// !$*UTF8*$!
{
	archiveVersion = 1;
	classes = {
	};
	objectVersion = 46;
	objects = {

/* Begin PBXBuildFile section */
		6A46583D1ED3C3A100C2D99D /* AppDelegate.swift in Sources */ = {isa = PBXBuildFile; fileRef = 6A46583C1ED3C3A100C2D99D /* AppDelegate.swift */; };
		6A46583F1ED3C3A100C2D99D /* ViewController.swift in Sources */ = {isa = PBXBuildFile; fileRef = 6A46583E1ED3C3A100C2D99D /* ViewController.swift */; };
		6A4658421ED3C3A100C2D99D /* Main.storyboard in Resources */ = {isa = PBXBuildFile; fileRef = 6A4658401ED3C3A100C2D99D /* Main.storyboard */; };
		6A4658441ED3C3A100C2D99D /* Assets.xcassets in Resources */ = {isa = PBXBuildFile; fileRef = 6A4658431ED3C3A100C2D99D /* Assets.xcassets */; };
		6A4658471ED3C3A100C2D99D /* LaunchScreen.storyboard in Resources */ = {isa = PBXBuildFile; fileRef = 6A4658451ED3C3A100C2D99D /* LaunchScreen.storyboard */; };
		6A4658531ED3F5A200C2D99D /* baseballLogo.png in Resources */ = {isa = PBXBuildFile; fileRef = 6A4658521ED3F5A200C2D99D /* baseballLogo.png */; };
		6A4658551ED3F7FB00C2D99D /* board.png in Resources */ = {isa = PBXBuildFile; fileRef = 6A4658541ED3F7FB00C2D99D /* board.png */; };
/* End PBXBuildFile section */

/* Begin PBXFileReference section */
		6A4658391ED3C3A100C2D99D /* BaseBall.app */ = {isa = PBXFileReference; explicitFileType = wrapper.application; includeInIndex = 0; path = BaseBall.app; sourceTree = BUILT_PRODUCTS_DIR; };
		6A46583C1ED3C3A100C2D99D /* AppDelegate.swift */ = {isa = PBXFileReference; lastKnownFileType = sourcecode.swift; path = AppDelegate.swift; sourceTree = "<group>"; };
		6A46583E1ED3C3A100C2D99D /* ViewController.swift */ = {isa = PBXFileReference; lastKnownFileType = sourcecode.swift; path = ViewController.swift; sourceTree = "<group>"; };
		6A4658411ED3C3A100C2D99D /* Base */ = {isa = PBXFileReference; lastKnownFileType = file.storyboard; name = Base; path = Base.lproj/Main.storyboard; sourceTree = "<group>"; };
		6A4658431ED3C3A100C2D99D /* Assets.xcassets */ = {isa = PBXFileReference; lastKnownFileType = folder.assetcatalog; path = Assets.xcassets; sourceTree = "<group>"; };
		6A4658461ED3C3A100C2D99D /* Base */ = {isa = PBXFileReference; lastKnownFileType = file.storyboard; name = Base; path = Base.lproj/LaunchScreen.storyboard; sourceTree = "<group>"; };
		6A4658481ED3C3A100C2D99D /* Info.plist */ = {isa = PBXFileReference; lastKnownFileType = text.plist.xml; path = Info.plist; sourceTree = "<group>"; };
		6A4658521ED3F5A200C2D99D /* baseballLogo.png */ = {isa = PBXFileReference; lastKnownFileType = image.png; path = baseballLogo.png; sourceTree = "<group>"; };
		6A4658541ED3F7FB00C2D99D /* board.png */ = {isa = PBXFileReference; lastKnownFileType = image.png; path = board.png; sourceTree = "<group>"; };
/* End PBXFileReference section */

/* Begin PBXFrameworksBuildPhase section */
		6A4658361ED3C3A100C2D99D /* Frameworks */ = {
			isa = PBXFrameworksBuildPhase;
			buildActionMask = 2147483647;
			files = (
			);
			runOnlyForDeploymentPostprocessing = 0;
		};
/* End PBXFrameworksBuildPhase section */

/* Begin PBXGroup section */
		6A4658301ED3C3A100C2D99D = {
			isa = PBXGroup;
			children = (
				6A46583B1ED3C3A100C2D99D /* BaseBall */,
				6A46583A1ED3C3A100C2D99D /* Products */,
			);
			sourceTree = "<group>";
		};
		6A46583A1ED3C3A100C2D99D /* Products */ = {
			isa = PBXGroup;
			children = (
				6A4658391ED3C3A100C2D99D /* BaseBall.app */,
			);
			name = Products;
			sourceTree = "<group>";
		};
		6A46583B1ED3C3A100C2D99D /* BaseBall */ = {
			isa = PBXGroup;
			children = (
				6A46583C1ED3C3A100C2D99D /* AppDelegate.swift */,
				6A46583E1ED3C3A100C2D99D /* ViewController.swift */,
				6A4658401ED3C3A100C2D99D /* Main.storyboard */,
				6A4658431ED3C3A100C2D99D /* Assets.xcassets */,
				6A4658451ED3C3A100C2D99D /* LaunchScreen.storyboard */,
				6A4658481ED3C3A100C2D99D /* Info.plist */,
				6A4658521ED3F5A200C2D99D /* baseballLogo.png */,
				6A4658541ED3F7FB00C2D99D /* board.png */,
			);
			path = BaseBall;
			sourceTree = "<group>";
		};
/* End PBXGroup section */

/* Begin PBXNativeTarget section */
		6A4658381ED3C3A100C2D99D /* BaseBall */ = {
			isa = PBXNativeTarget;
			buildConfigurationList = 6A46584B1ED3C3A100C2D99D /* Build configuration list for PBXNativeTarget "BaseBall" */;
			buildPhases = (
				6A4658351ED3C3A100C2D99D /* Sources */,
				6A4658361ED3C3A100C2D99D /* Frameworks */,
				6A4658371ED3C3A100C2D99D /* Resources */,
			);
			buildRules = (
			);
			dependencies = (
			);
			name = BaseBall;
			productName = BaseBall;
			productReference = 6A4658391ED3C3A100C2D99D /* BaseBall.app */;
			productType = "com.apple.product-type.application";
		};
/* End PBXNativeTarget section */

/* Begin PBXProject section */
		6A4658311ED3C3A100C2D99D /* Project object */ = {
			isa = PBXProject;
			attributes = {
				LastSwiftUpdateCheck = 0830;
				LastUpgradeCheck = 0830;
				ORGANIZATIONNAME = "Bo-Young PARK";
				TargetAttributes = {
					6A4658381ED3C3A100C2D99D = {
						CreatedOnToolsVersion = 8.3.2;
						DevelopmentTeam = 2DHMJ6Z3L3;
						ProvisioningStyle = Automatic;
					};
				};
			};
			buildConfigurationList = 6A4658341ED3C3A100C2D99D /* Build configuration list for PBXProject "BaseBall" */;
			compatibilityVersion = "Xcode 3.2";
			developmentRegion = English;
			hasScannedForEncodings = 0;
			knownRegions = (
				en,
				Base,
			);
			mainGroup = 6A4658301ED3C3A100C2D99D;
			productRefGroup = 6A46583A1ED3C3A100C2D99D /* Products */;
			projectDirPath = "";
			projectRoot = "";
			targets = (
				6A4658381ED3C3A100C2D99D /* BaseBall */,
			);
		};
/* End PBXProject section */

/* Begin PBXResourcesBuildPhase section */
		6A4658371ED3C3A100C2D99D /* Resources */ = {
			isa = PBXResourcesBuildPhase;
			buildActionMask = 2147483647;
			files = (
				6A4658471ED3C3A100C2D99D /* LaunchScreen.storyboard in Resources */,
				6A4658531ED3F5A200C2D99D /* baseballLogo.png in Resources */,
				6A4658441ED3C3A100C2D99D /* Assets.xcassets in Resources */,
				6A4658421ED3C3A100C2D99D /* Main.storyboard in Resources */,
				6A4658551ED3F7FB00C2D99D /* board.png in Resources */,
			);
			runOnlyForDeploymentPostprocessing = 0;
		};
/* End PBXResourcesBuildPhase section */

/* Begin PBXSourcesBuildPhase section */
		6A4658351ED3C3A100C2D99D /* Sources */ = {
			isa = PBXSourcesBuildPhase;
			buildActionMask = 2147483647;
			files = (
				6A46583F1ED3C3A100C2D99D /* ViewController.swift in Sources */,
				6A46583D1ED3C3A100C2D99D /* AppDelegate.swift in Sources */,
			);
			runOnlyForDeploymentPostprocessing = 0;
		};
/* End PBXSourcesBuildPhase section */

/* Begin PBXVariantGroup section */
		6A4658401ED3C3A100C2D99D /* Main.storyboard */ = {
			isa = PBXVariantGroup;
			children = (
				6A4658411ED3C3A100C2D99D /* Base */,
			);
			name = Main.storyboard;
			sourceTree = "<group>";
		};
		6A4658451ED3C3A100C2D99D /* LaunchScreen.storyboard */ = {
			isa = PBXVariantGroup;
			children = (
				6A4658461ED3C3A100C2D99D /* Base */,
			);
			name = LaunchScreen.storyboard;
			sourceTree = "<group>";
		};
/* End PBXVariantGroup section */

/* Begin XCBuildConfiguration section */
		6A4658491ED3C3A100C2D99D /* Debug */ = {
			isa = XCBuildConfiguration;
			buildSettings = {
				ALWAYS_SEARCH_USER_PATHS = NO;
				CLANG_ANALYZER_NONNULL = YES;
				CLANG_ANALYZER_NUMBER_OBJECT_CONVERSION = YES_AGGRESSIVE;
				CLANG_CXX_LANGUAGE_STANDARD = "gnu++0x";
				CLANG_CXX_LIBRARY = "libc++";
				CLANG_ENABLE_MODULES = YES;
				CLANG_ENABLE_OBJC_ARC = YES;
				CLANG_WARN_BOOL_CONVERSION = YES;
				CLANG_WARN_CONSTANT_CONVERSION = YES;
				CLANG_WARN_DIRECT_OBJC_ISA_USAGE = YES_ERROR;
				CLANG_WARN_DOCUMENTATION_COMMENTS = YES;
				CLANG_WARN_EMPTY_BODY = YES;
				CLANG_WARN_ENUM_CONVERSION = YES;
				CLANG_WARN_INFINITE_RECURSION = YES;
				CLANG_WARN_INT_CONVERSION = YES;
				CLANG_WARN_OBJC_ROOT_CLASS = YES_ERROR;
				CLANG_WARN_SUSPICIOUS_MOVE = YES;
				CLANG_WARN_UNREACHABLE_CODE = YES;
				CLANG_WARN__DUPLICATE_METHOD_MATCH = YES;
				"CODE_SIGN_IDENTITY[sdk=iphoneos*]" = "iPhone Developer";
				COPY_PHASE_STRIP = NO;
				DEBUG_INFORMATION_FORMAT = dwarf;
				ENABLE_STRICT_OBJC_MSGSEND = YES;
				ENABLE_TESTABILITY = YES;
				GCC_C_LANGUAGE_STANDARD = gnu99;
				GCC_DYNAMIC_NO_PIC = NO;
				GCC_NO_COMMON_BLOCKS = YES;
				GCC_OPTIMIZATION_LEVEL = 0;
				GCC_PREPROCESSOR_DEFINITIONS = (
					"DEBUG=1",
					"$(inherited)",
				);
				GCC_WARN_64_TO_32_BIT_CONVERSION = YES;
				GCC_WARN_ABOUT_RETURN_TYPE = YES_ERROR;
				GCC_WARN_UNDECLARED_SELECTOR = YES;
				GCC_WARN_UNINITIALIZED_AUTOS = YES_AGGRESSIVE;
				GCC_WARN_UNUSED_FUNCTION = YES;
				GCC_WARN_UNUSED_VARIABLE = YES;
				IPHONEOS_DEPLOYMENT_TARGET = 10.3;
				MTL_ENABLE_DEBUG_INFO = YES;
				ONLY_ACTIVE_ARCH = YES;
				SDKROOT = iphoneos;
				SWIFT_ACTIVE_COMPILATION_CONDITIONS = DEBUG;
				SWIFT_OPTIMIZATION_LEVEL = "-Onone";
			};
			name = Debug;
		};
		6A46584A1ED3C3A100C2D99D /* Release */ = {
			isa = XCBuildConfiguration;
			buildSettings = {
				ALWAYS_SEARCH_USER_PATHS = NO;
				CLANG_ANALYZER_NONNULL = YES;
				CLANG_ANALYZER_NUMBER_OBJECT_CONVERSION = YES_AGGRESSIVE;
				CLANG_CXX_LANGUAGE_STANDARD = "gnu++0x";
				CLANG_CXX_LIBRARY = "libc++";
				CLANG_ENABLE_MODULES = YES;
				CLANG_ENABLE_OBJC_ARC = YES;
				CLANG_WARN_BOOL_CONVERSION = YES;
				CLANG_WARN_CONSTANT_CONVERSION = YES;
				CLANG_WARN_DIRECT_OBJC_ISA_USAGE = YES_ERROR;
				CLANG_WARN_DOCUMENTATION_COMMENTS = YES;
				CLANG_WARN_EMPTY_BODY = YES;
				CLANG_WARN_ENUM_CONVERSION = YES;
				CLANG_WARN_INFINITE_RECURSION = YES;
				CLANG_WARN_INT_CONVERSION = YES;
				CLANG_WARN_OBJC_ROOT_CLASS = YES_ERROR;
				CLANG_WARN_SUSPICIOUS_MOVE = YES;
				CLANG_WARN_UNREACHABLE_CODE = YES;
				CLANG_WARN__DUPLICATE_METHOD_MATCH = YES;
				"CODE_SIGN_IDENTITY[sdk=iphoneos*]" = "iPhone Developer";
				COPY_PHASE_STRIP = NO;
				DEBUG_INFORMATION_FORMAT = "dwarf-with-dsym";
				ENABLE_NS_ASSERTIONS = NO;
				ENABLE_STRICT_OBJC_MSGSEND = YES;
				GCC_C_LANGUAGE_STANDARD = gnu99;
				GCC_NO_COMMON_BLOCKS = YES;
				GCC_WARN_64_TO_32_BIT_CONVERSION = YES;
				GCC_WARN_ABOUT_RETURN_TYPE = YES_ERROR;
				GCC_WARN_UNDECLARED_SELECTOR = YES;
				GCC_WARN_UNINITIALIZED_AUTOS = YES_AGGRESSIVE;
				GCC_WARN_UNUSED_FUNCTION = YES;
				GCC_WARN_UNUSED_VARIABLE = YES;
				IPHONEOS_DEPLOYMENT_TARGET = 10.3;
				MTL_ENABLE_DEBUG_INFO = NO;
				SDKROOT = iphoneos;
				SWIFT_OPTIMIZATION_LEVEL = "-Owholemodule";
				VALIDATE_PRODUCT = YES;
			};
			name = Release;
		};
		6A46584C1ED3C3A100C2D99D /* Debug */ = {
			isa = XCBuildConfiguration;
			buildSettings = {
				ASSETCATALOG_COMPILER_APPICON_NAME = AppIcon;
				DEVELOPMENT_TEAM = 2DHMJ6Z3L3;
				INFOPLIST_FILE = BaseBall/Info.plist;
				LD_RUNPATH_SEARCH_PATHS = "$(inherited) @executable_path/Frameworks";
				PRODUCT_BUNDLE_IDENTIFIER = iOSCampus.BaseBall;
				PRODUCT_NAME = "$(TARGET_NAME)";
				SWIFT_VERSION = 3.0;
			};
			name = Debug;
		};
		6A46584D1ED3C3A100C2D99D /* Release */ = {
			isa = XCBuildConfiguration;
			buildSettings = {
				ASSETCATALOG_COMPILER_APPICON_NAME = AppIcon;
				DEVELOPMENT_TEAM = 2DHMJ6Z3L3;
				INFOPLIST_FILE = BaseBall/Info.plist;
				LD_RUNPATH_SEARCH_PATHS = "$(inherited) @executable_path/Frameworks";
				PRODUCT_BUNDLE_IDENTIFIER = iOSCampus.BaseBall;
				PRODUCT_NAME = "$(TARGET_NAME)";
				SWIFT_VERSION = 3.0;
			};
			name = Release;
		};
/* End XCBuildConfiguration section */

/* Begin XCConfigurationList section */
		6A4658341ED3C3A100C2D99D /* Build configuration list for PBXProject "BaseBall" */ = {
			isa = XCConfigurationList;
			buildConfigurations = (
				6A4658491ED3C3A100C2D99D /* Debug */,
				6A46584A1ED3C3A100C2D99D /* Release */,
			);
			defaultConfigurationIsVisible = 0;
			defaultConfigurationName = Release;
		};
		6A46584B1ED3C3A100C2D99D /* Build configuration list for PBXNativeTarget "BaseBall" */ = {
			isa = XCConfigurationList;
			buildConfigurations = (
				6A46584C1ED3C3A100C2D99D /* Debug */,
				6A46584D1ED3C3A100C2D99D /* Release */,
			);
			defaultConfigurationIsVisible = 0;
		};
/* End XCConfigurationList section */
	};
	rootObject = 6A4658311ED3C3A100C2D99D /* Project object */;
}
