// !$*UTF8*$!
{
	archiveVersion = 1;
	classes = {
	};
	objectVersion = 46;
	objects = {

/* Begin PBXBuildFile section */
		6AAB18AF1ECAA2BC00AC48C1 /* AppDelegate.swift in Sources */ = {isa = PBXBuildFile; fileRef = 6AAB18AE1ECAA2BC00AC48C1 /* AppDelegate.swift */; };
		6AAB18B11ECAA2BC00AC48C1 /* ViewController.swift in Sources */ = {isa = PBXBuildFile; fileRef = 6AAB18B01ECAA2BC00AC48C1 /* ViewController.swift */; };
		6AAB18B41ECAA2BC00AC48C1 /* Main.storyboard in Resources */ = {isa = PBXBuildFile; fileRef = 6AAB18B21ECAA2BC00AC48C1 /* Main.storyboard */; };
		6AAB18B61ECAA2BC00AC48C1 /* Assets.xcassets in Resources */ = {isa = PBXBuildFile; fileRef = 6AAB18B51ECAA2BC00AC48C1 /* Assets.xcassets */; };
		6AAB18B91ECAA2BC00AC48C1 /* LaunchScreen.storyboard in Resources */ = {isa = PBXBuildFile; fileRef = 6AAB18B71ECAA2BC00AC48C1 /* LaunchScreen.storyboard */; };
		6AAB18C41ECAA2BC00AC48C1 /* CollectionTests.swift in Sources */ = {isa = PBXBuildFile; fileRef = 6AAB18C31ECAA2BC00AC48C1 /* CollectionTests.swift */; };
		6AAB18CF1ECAA2BC00AC48C1 /* CollectionUITests.swift in Sources */ = {isa = PBXBuildFile; fileRef = 6AAB18CE1ECAA2BC00AC48C1 /* CollectionUITests.swift */; };
/* End PBXBuildFile section */

/* Begin PBXContainerItemProxy section */
		6AAB18C01ECAA2BC00AC48C1 /* PBXContainerItemProxy */ = {
			isa = PBXContainerItemProxy;
			containerPortal = 6AAB18A31ECAA2BB00AC48C1 /* Project object */;
			proxyType = 1;
			remoteGlobalIDString = 6AAB18AA1ECAA2BB00AC48C1;
			remoteInfo = Collection;
		};
		6AAB18CB1ECAA2BC00AC48C1 /* PBXContainerItemProxy */ = {
			isa = PBXContainerItemProxy;
			containerPortal = 6AAB18A31ECAA2BB00AC48C1 /* Project object */;
			proxyType = 1;
			remoteGlobalIDString = 6AAB18AA1ECAA2BB00AC48C1;
			remoteInfo = Collection;
		};
/* End PBXContainerItemProxy section */

/* Begin PBXFileReference section */
		6AAB18AB1ECAA2BB00AC48C1 /* Collection.app */ = {isa = PBXFileReference; explicitFileType = wrapper.application; includeInIndex = 0; path = Collection.app; sourceTree = BUILT_PRODUCTS_DIR; };
		6AAB18AE1ECAA2BC00AC48C1 /* AppDelegate.swift */ = {isa = PBXFileReference; lastKnownFileType = sourcecode.swift; path = AppDelegate.swift; sourceTree = "<group>"; };
		6AAB18B01ECAA2BC00AC48C1 /* ViewController.swift */ = {isa = PBXFileReference; lastKnownFileType = sourcecode.swift; path = ViewController.swift; sourceTree = "<group>"; };
		6AAB18B31ECAA2BC00AC48C1 /* Base */ = {isa = PBXFileReference; lastKnownFileType = file.storyboard; name = Base; path = Base.lproj/Main.storyboard; sourceTree = "<group>"; };
		6AAB18B51ECAA2BC00AC48C1 /* Assets.xcassets */ = {isa = PBXFileReference; lastKnownFileType = folder.assetcatalog; path = Assets.xcassets; sourceTree = "<group>"; };
		6AAB18B81ECAA2BC00AC48C1 /* Base */ = {isa = PBXFileReference; lastKnownFileType = file.storyboard; name = Base; path = Base.lproj/LaunchScreen.storyboard; sourceTree = "<group>"; };
		6AAB18BA1ECAA2BC00AC48C1 /* Info.plist */ = {isa = PBXFileReference; lastKnownFileType = text.plist.xml; path = Info.plist; sourceTree = "<group>"; };
		6AAB18BF1ECAA2BC00AC48C1 /* CollectionTests.xctest */ = {isa = PBXFileReference; explicitFileType = wrapper.cfbundle; includeInIndex = 0; path = CollectionTests.xctest; sourceTree = BUILT_PRODUCTS_DIR; };
		6AAB18C31ECAA2BC00AC48C1 /* CollectionTests.swift */ = {isa = PBXFileReference; lastKnownFileType = sourcecode.swift; path = CollectionTests.swift; sourceTree = "<group>"; };
		6AAB18C51ECAA2BC00AC48C1 /* Info.plist */ = {isa = PBXFileReference; lastKnownFileType = text.plist.xml; path = Info.plist; sourceTree = "<group>"; };
		6AAB18CA1ECAA2BC00AC48C1 /* CollectionUITests.xctest */ = {isa = PBXFileReference; explicitFileType = wrapper.cfbundle; includeInIndex = 0; path = CollectionUITests.xctest; sourceTree = BUILT_PRODUCTS_DIR; };
		6AAB18CE1ECAA2BC00AC48C1 /* CollectionUITests.swift */ = {isa = PBXFileReference; lastKnownFileType = sourcecode.swift; path = CollectionUITests.swift; sourceTree = "<group>"; };
		6AAB18D01ECAA2BC00AC48C1 /* Info.plist */ = {isa = PBXFileReference; lastKnownFileType = text.plist.xml; path = Info.plist; sourceTree = "<group>"; };
/* End PBXFileReference section */

/* Begin PBXFrameworksBuildPhase section */
		6AAB18A81ECAA2BB00AC48C1 /* Frameworks */ = {
			isa = PBXFrameworksBuildPhase;
			buildActionMask = 2147483647;
			files = (
			);
			runOnlyForDeploymentPostprocessing = 0;
		};
		6AAB18BC1ECAA2BC00AC48C1 /* Frameworks */ = {
			isa = PBXFrameworksBuildPhase;
			buildActionMask = 2147483647;
			files = (
			);
			runOnlyForDeploymentPostprocessing = 0;
		};
		6AAB18C71ECAA2BC00AC48C1 /* Frameworks */ = {
			isa = PBXFrameworksBuildPhase;
			buildActionMask = 2147483647;
			files = (
			);
			runOnlyForDeploymentPostprocessing = 0;
		};
/* End PBXFrameworksBuildPhase section */

/* Begin PBXGroup section */
		6AAB18A21ECAA2BB00AC48C1 = {
			isa = PBXGroup;
			children = (
				6AAB18AD1ECAA2BB00AC48C1 /* Collection */,
				6AAB18C21ECAA2BC00AC48C1 /* CollectionTests */,
				6AAB18CD1ECAA2BC00AC48C1 /* CollectionUITests */,
				6AAB18AC1ECAA2BB00AC48C1 /* Products */,
			);
			sourceTree = "<group>";
		};
		6AAB18AC1ECAA2BB00AC48C1 /* Products */ = {
			isa = PBXGroup;
			children = (
				6AAB18AB1ECAA2BB00AC48C1 /* Collection.app */,
				6AAB18BF1ECAA2BC00AC48C1 /* CollectionTests.xctest */,
				6AAB18CA1ECAA2BC00AC48C1 /* CollectionUITests.xctest */,
			);
			name = Products;
			sourceTree = "<group>";
		};
		6AAB18AD1ECAA2BB00AC48C1 /* Collection */ = {
			isa = PBXGroup;
			children = (
				6AAB18AE1ECAA2BC00AC48C1 /* AppDelegate.swift */,
				6AAB18B01ECAA2BC00AC48C1 /* ViewController.swift */,
				6AAB18B21ECAA2BC00AC48C1 /* Main.storyboard */,
				6AAB18B51ECAA2BC00AC48C1 /* Assets.xcassets */,
				6AAB18B71ECAA2BC00AC48C1 /* LaunchScreen.storyboard */,
				6AAB18BA1ECAA2BC00AC48C1 /* Info.plist */,
			);
			path = Collection;
			sourceTree = "<group>";
		};
		6AAB18C21ECAA2BC00AC48C1 /* CollectionTests */ = {
			isa = PBXGroup;
			children = (
				6AAB18C31ECAA2BC00AC48C1 /* CollectionTests.swift */,
				6AAB18C51ECAA2BC00AC48C1 /* Info.plist */,
			);
			path = CollectionTests;
			sourceTree = "<group>";
		};
		6AAB18CD1ECAA2BC00AC48C1 /* CollectionUITests */ = {
			isa = PBXGroup;
			children = (
				6AAB18CE1ECAA2BC00AC48C1 /* CollectionUITests.swift */,
				6AAB18D01ECAA2BC00AC48C1 /* Info.plist */,
			);
			path = CollectionUITests;
			sourceTree = "<group>";
		};
/* End PBXGroup section */

/* Begin PBXNativeTarget section */
		6AAB18AA1ECAA2BB00AC48C1 /* Collection */ = {
			isa = PBXNativeTarget;
			buildConfigurationList = 6AAB18D31ECAA2BC00AC48C1 /* Build configuration list for PBXNativeTarget "Collection" */;
			buildPhases = (
				6AAB18A71ECAA2BB00AC48C1 /* Sources */,
				6AAB18A81ECAA2BB00AC48C1 /* Frameworks */,
				6AAB18A91ECAA2BB00AC48C1 /* Resources */,
			);
			buildRules = (
			);
			dependencies = (
			);
			name = Collection;
			productName = Collection;
			productReference = 6AAB18AB1ECAA2BB00AC48C1 /* Collection.app */;
			productType = "com.apple.product-type.application";
		};
		6AAB18BE1ECAA2BC00AC48C1 /* CollectionTests */ = {
			isa = PBXNativeTarget;
			buildConfigurationList = 6AAB18D61ECAA2BC00AC48C1 /* Build configuration list for PBXNativeTarget "CollectionTests" */;
			buildPhases = (
				6AAB18BB1ECAA2BC00AC48C1 /* Sources */,
				6AAB18BC1ECAA2BC00AC48C1 /* Frameworks */,
				6AAB18BD1ECAA2BC00AC48C1 /* Resources */,
			);
			buildRules = (
			);
			dependencies = (
				6AAB18C11ECAA2BC00AC48C1 /* PBXTargetDependency */,
			);
			name = CollectionTests;
			productName = CollectionTests;
			productReference = 6AAB18BF1ECAA2BC00AC48C1 /* CollectionTests.xctest */;
			productType = "com.apple.product-type.bundle.unit-test";
		};
		6AAB18C91ECAA2BC00AC48C1 /* CollectionUITests */ = {
			isa = PBXNativeTarget;
			buildConfigurationList = 6AAB18D91ECAA2BC00AC48C1 /* Build configuration list for PBXNativeTarget "CollectionUITests" */;
			buildPhases = (
				6AAB18C61ECAA2BC00AC48C1 /* Sources */,
				6AAB18C71ECAA2BC00AC48C1 /* Frameworks */,
				6AAB18C81ECAA2BC00AC48C1 /* Resources */,
			);
			buildRules = (
			);
			dependencies = (
				6AAB18CC1ECAA2BC00AC48C1 /* PBXTargetDependency */,
			);
			name = CollectionUITests;
			productName = CollectionUITests;
			productReference = 6AAB18CA1ECAA2BC00AC48C1 /* CollectionUITests.xctest */;
			productType = "com.apple.product-type.bundle.ui-testing";
		};
/* End PBXNativeTarget section */

/* Begin PBXProject section */
		6AAB18A31ECAA2BB00AC48C1 /* Project object */ = {
			isa = PBXProject;
			attributes = {
				LastSwiftUpdateCheck = 0830;
				LastUpgradeCheck = 0830;
				ORGANIZATIONNAME = "Bo-Young PARK";
				TargetAttributes = {
					6AAB18AA1ECAA2BB00AC48C1 = {
						CreatedOnToolsVersion = 8.3.2;
						ProvisioningStyle = Automatic;
					};
					6AAB18BE1ECAA2BC00AC48C1 = {
						CreatedOnToolsVersion = 8.3.2;
						ProvisioningStyle = Automatic;
						TestTargetID = 6AAB18AA1ECAA2BB00AC48C1;
					};
					6AAB18C91ECAA2BC00AC48C1 = {
						CreatedOnToolsVersion = 8.3.2;
						ProvisioningStyle = Automatic;
						TestTargetID = 6AAB18AA1ECAA2BB00AC48C1;
					};
				};
			};
			buildConfigurationList = 6AAB18A61ECAA2BB00AC48C1 /* Build configuration list for PBXProject "Collection" */;
			compatibilityVersion = "Xcode 3.2";
			developmentRegion = English;
			hasScannedForEncodings = 0;
			knownRegions = (
				en,
				Base,
			);
			mainGroup = 6AAB18A21ECAA2BB00AC48C1;
			productRefGroup = 6AAB18AC1ECAA2BB00AC48C1 /* Products */;
			projectDirPath = "";
			projectRoot = "";
			targets = (
				6AAB18AA1ECAA2BB00AC48C1 /* Collection */,
				6AAB18BE1ECAA2BC00AC48C1 /* CollectionTests */,
				6AAB18C91ECAA2BC00AC48C1 /* CollectionUITests */,
			);
		};
/* End PBXProject section */

/* Begin PBXResourcesBuildPhase section */
		6AAB18A91ECAA2BB00AC48C1 /* Resources */ = {
			isa = PBXResourcesBuildPhase;
			buildActionMask = 2147483647;
			files = (
				6AAB18B91ECAA2BC00AC48C1 /* LaunchScreen.storyboard in Resources */,
				6AAB18B61ECAA2BC00AC48C1 /* Assets.xcassets in Resources */,
				6AAB18B41ECAA2BC00AC48C1 /* Main.storyboard in Resources */,
			);
			runOnlyForDeploymentPostprocessing = 0;
		};
		6AAB18BD1ECAA2BC00AC48C1 /* Resources */ = {
			isa = PBXResourcesBuildPhase;
			buildActionMask = 2147483647;
			files = (
			);
			runOnlyForDeploymentPostprocessing = 0;
		};
		6AAB18C81ECAA2BC00AC48C1 /* Resources */ = {
			isa = PBXResourcesBuildPhase;
			buildActionMask = 2147483647;
			files = (
			);
			runOnlyForDeploymentPostprocessing = 0;
		};
/* End PBXResourcesBuildPhase section */

/* Begin PBXSourcesBuildPhase section */
		6AAB18A71ECAA2BB00AC48C1 /* Sources */ = {
			isa = PBXSourcesBuildPhase;
			buildActionMask = 2147483647;
			files = (
				6AAB18B11ECAA2BC00AC48C1 /* ViewController.swift in Sources */,
				6AAB18AF1ECAA2BC00AC48C1 /* AppDelegate.swift in Sources */,
			);
			runOnlyForDeploymentPostprocessing = 0;
		};
		6AAB18BB1ECAA2BC00AC48C1 /* Sources */ = {
			isa = PBXSourcesBuildPhase;
			buildActionMask = 2147483647;
			files = (
				6AAB18C41ECAA2BC00AC48C1 /* CollectionTests.swift in Sources */,
			);
			runOnlyForDeploymentPostprocessing = 0;
		};
		6AAB18C61ECAA2BC00AC48C1 /* Sources */ = {
			isa = PBXSourcesBuildPhase;
			buildActionMask = 2147483647;
			files = (
				6AAB18CF1ECAA2BC00AC48C1 /* CollectionUITests.swift in Sources */,
			);
			runOnlyForDeploymentPostprocessing = 0;
		};
/* End PBXSourcesBuildPhase section */

/* Begin PBXTargetDependency section */
		6AAB18C11ECAA2BC00AC48C1 /* PBXTargetDependency */ = {
			isa = PBXTargetDependency;
			target = 6AAB18AA1ECAA2BB00AC48C1 /* Collection */;
			targetProxy = 6AAB18C01ECAA2BC00AC48C1 /* PBXContainerItemProxy */;
		};
		6AAB18CC1ECAA2BC00AC48C1 /* PBXTargetDependency */ = {
			isa = PBXTargetDependency;
			target = 6AAB18AA1ECAA2BB00AC48C1 /* Collection */;
			targetProxy = 6AAB18CB1ECAA2BC00AC48C1 /* PBXContainerItemProxy */;
		};
/* End PBXTargetDependency section */

/* Begin PBXVariantGroup section */
		6AAB18B21ECAA2BC00AC48C1 /* Main.storyboard */ = {
			isa = PBXVariantGroup;
			children = (
				6AAB18B31ECAA2BC00AC48C1 /* Base */,
			);
			name = Main.storyboard;
			sourceTree = "<group>";
		};
		6AAB18B71ECAA2BC00AC48C1 /* LaunchScreen.storyboard */ = {
			isa = PBXVariantGroup;
			children = (
				6AAB18B81ECAA2BC00AC48C1 /* Base */,
			);
			name = LaunchScreen.storyboard;
			sourceTree = "<group>";
		};
/* End PBXVariantGroup section */

/* Begin XCBuildConfiguration section */
		6AAB18D11ECAA2BC00AC48C1 /* Debug */ = {
			isa = XCBuildConfiguration;
			buildSettings = {
				ALWAYS_SEARCH_USER_PATHS = NO;
				CLANG_ANALYZER_NONNULL = YES;
				CLANG_ANALYZER_NUMBER_OBJECT_CONVERSION = YES_AGGRESSIVE;
				CLANG_CXX_LANGUAGE_STANDARD = "gnu++0x";
				CLANG_CXX_LIBRARY = "libc++";
				CLANG_ENABLE_MODULES = YES;
				CLANG_ENABLE_OBJC_ARC = YES;
				CLANG_WARN_BOOL_CONVERSION = YES;
				CLANG_WARN_CONSTANT_CONVERSION = YES;
				CLANG_WARN_DIRECT_OBJC_ISA_USAGE = YES_ERROR;
				CLANG_WARN_DOCUMENTATION_COMMENTS = YES;
				CLANG_WARN_EMPTY_BODY = YES;
				CLANG_WARN_ENUM_CONVERSION = YES;
				CLANG_WARN_INFINITE_RECURSION = YES;
				CLANG_WARN_INT_CONVERSION = YES;
				CLANG_WARN_OBJC_ROOT_CLASS = YES_ERROR;
				CLANG_WARN_SUSPICIOUS_MOVE = YES;
				CLANG_WARN_UNREACHABLE_CODE = YES;
				CLANG_WARN__DUPLICATE_METHOD_MATCH = YES;
				"CODE_SIGN_IDENTITY[sdk=iphoneos*]" = "iPhone Developer";
				COPY_PHASE_STRIP = NO;
				DEBUG_INFORMATION_FORMAT = dwarf;
				ENABLE_STRICT_OBJC_MSGSEND = YES;
				ENABLE_TESTABILITY = YES;
				GCC_C_LANGUAGE_STANDARD = gnu99;
				GCC_DYNAMIC_NO_PIC = NO;
				GCC_NO_COMMON_BLOCKS = YES;
				GCC_OPTIMIZATION_LEVEL = 0;
				GCC_PREPROCESSOR_DEFINITIONS = (
					"DEBUG=1",
					"$(inherited)",
				);
				GCC_WARN_64_TO_32_BIT_CONVERSION = YES;
				GCC_WARN_ABOUT_RETURN_TYPE = YES_ERROR;
				GCC_WARN_UNDECLARED_SELECTOR = YES;
				GCC_WARN_UNINITIALIZED_AUTOS = YES_AGGRESSIVE;
				GCC_WARN_UNUSED_FUNCTION = YES;
				GCC_WARN_UNUSED_VARIABLE = YES;
				IPHONEOS_DEPLOYMENT_TARGET = 10.3;
				MTL_ENABLE_DEBUG_INFO = YES;
				ONLY_ACTIVE_ARCH = YES;
				SDKROOT = iphoneos;
				SWIFT_ACTIVE_COMPILATION_CONDITIONS = DEBUG;
				SWIFT_OPTIMIZATION_LEVEL = "-Onone";
			};
			name = Debug;
		};
		6AAB18D21ECAA2BC00AC48C1 /* Release */ = {
			isa = XCBuildConfiguration;
			buildSettings = {
				ALWAYS_SEARCH_USER_PATHS = NO;
				CLANG_ANALYZER_NONNULL = YES;
				CLANG_ANALYZER_NUMBER_OBJECT_CONVERSION = YES_AGGRESSIVE;
				CLANG_CXX_LANGUAGE_STANDARD = "gnu++0x";
				CLANG_CXX_LIBRARY = "libc++";
				CLANG_ENABLE_MODULES = YES;
				CLANG_ENABLE_OBJC_ARC = YES;
				CLANG_WARN_BOOL_CONVERSION = YES;
				CLANG_WARN_CONSTANT_CONVERSION = YES;
				CLANG_WARN_DIRECT_OBJC_ISA_USAGE = YES_ERROR;
				CLANG_WARN_DOCUMENTATION_COMMENTS = YES;
				CLANG_WARN_EMPTY_BODY = YES;
				CLANG_WARN_ENUM_CONVERSION = YES;
				CLANG_WARN_INFINITE_RECURSION = YES;
				CLANG_WARN_INT_CONVERSION = YES;
				CLANG_WARN_OBJC_ROOT_CLASS = YES_ERROR;
				CLANG_WARN_SUSPICIOUS_MOVE = YES;
				CLANG_WARN_UNREACHABLE_CODE = YES;
				CLANG_WARN__DUPLICATE_METHOD_MATCH = YES;
				"CODE_SIGN_IDENTITY[sdk=iphoneos*]" = "iPhone Developer";
				COPY_PHASE_STRIP = NO;
				DEBUG_INFORMATION_FORMAT = "dwarf-with-dsym";
				ENABLE_NS_ASSERTIONS = NO;
				ENABLE_STRICT_OBJC_MSGSEND = YES;
				GCC_C_LANGUAGE_STANDARD = gnu99;
				GCC_NO_COMMON_BLOCKS = YES;
				GCC_WARN_64_TO_32_BIT_CONVERSION = YES;
				GCC_WARN_ABOUT_RETURN_TYPE = YES_ERROR;
				GCC_WARN_UNDECLARED_SELECTOR = YES;
				GCC_WARN_UNINITIALIZED_AUTOS = YES_AGGRESSIVE;
				GCC_WARN_UNUSED_FUNCTION = YES;
				GCC_WARN_UNUSED_VARIABLE = YES;
				IPHONEOS_DEPLOYMENT_TARGET = 10.3;
				MTL_ENABLE_DEBUG_INFO = NO;
				SDKROOT = iphoneos;
				SWIFT_OPTIMIZATION_LEVEL = "-Owholemodule";
				VALIDATE_PRODUCT = YES;
			};
			name = Release;
		};
		6AAB18D41ECAA2BC00AC48C1 /* Debug */ = {
			isa = XCBuildConfiguration;
			buildSettings = {
				ASSETCATALOG_COMPILER_APPICON_NAME = AppIcon;
				INFOPLIST_FILE = Collection/Info.plist;
				LD_RUNPATH_SEARCH_PATHS = "$(inherited) @executable_path/Frameworks";
				PRODUCT_BUNDLE_IDENTIFIER = iOSCampus.Collection;
				PRODUCT_NAME = "$(TARGET_NAME)";
				SWIFT_VERSION = 3.0;
			};
			name = Debug;
		};
		6AAB18D51ECAA2BC00AC48C1 /* Release */ = {
			isa = XCBuildConfiguration;
			buildSettings = {
				ASSETCATALOG_COMPILER_APPICON_NAME = AppIcon;
				INFOPLIST_FILE = Collection/Info.plist;
				LD_RUNPATH_SEARCH_PATHS = "$(inherited) @executable_path/Frameworks";
				PRODUCT_BUNDLE_IDENTIFIER = iOSCampus.Collection;
				PRODUCT_NAME = "$(TARGET_NAME)";
				SWIFT_VERSION = 3.0;
			};
			name = Release;
		};
		6AAB18D71ECAA2BC00AC48C1 /* Debug */ = {
			isa = XCBuildConfiguration;
			buildSettings = {
				ALWAYS_EMBED_SWIFT_STANDARD_LIBRARIES = YES;
				BUNDLE_LOADER = "$(TEST_HOST)";
				INFOPLIST_FILE = CollectionTests/Info.plist;
				LD_RUNPATH_SEARCH_PATHS = "$(inherited) @executable_path/Frameworks @loader_path/Frameworks";
				PRODUCT_BUNDLE_IDENTIFIER = iOSCampus.CollectionTests;
				PRODUCT_NAME = "$(TARGET_NAME)";
				SWIFT_VERSION = 3.0;
				TEST_HOST = "$(BUILT_PRODUCTS_DIR)/Collection.app/Collection";
			};
			name = Debug;
		};
		6AAB18D81ECAA2BC00AC48C1 /* Release */ = {
			isa = XCBuildConfiguration;
			buildSettings = {
				ALWAYS_EMBED_SWIFT_STANDARD_LIBRARIES = YES;
				BUNDLE_LOADER = "$(TEST_HOST)";
				INFOPLIST_FILE = CollectionTests/Info.plist;
				LD_RUNPATH_SEARCH_PATHS = "$(inherited) @executable_path/Frameworks @loader_path/Frameworks";
				PRODUCT_BUNDLE_IDENTIFIER = iOSCampus.CollectionTests;
				PRODUCT_NAME = "$(TARGET_NAME)";
				SWIFT_VERSION = 3.0;
				TEST_HOST = "$(BUILT_PRODUCTS_DIR)/Collection.app/Collection";
			};
			name = Release;
		};
		6AAB18DA1ECAA2BC00AC48C1 /* Debug */ = {
			isa = XCBuildConfiguration;
			buildSettings = {
				ALWAYS_EMBED_SWIFT_STANDARD_LIBRARIES = YES;
				INFOPLIST_FILE = CollectionUITests/Info.plist;
				LD_RUNPATH_SEARCH_PATHS = "$(inherited) @executable_path/Frameworks @loader_path/Frameworks";
				PRODUCT_BUNDLE_IDENTIFIER = iOSCampus.CollectionUITests;
				PRODUCT_NAME = "$(TARGET_NAME)";
				SWIFT_VERSION = 3.0;
				TEST_TARGET_NAME = Collection;
			};
			name = Debug;
		};
		6AAB18DB1ECAA2BC00AC48C1 /* Release */ = {
			isa = XCBuildConfiguration;
			buildSettings = {
				ALWAYS_EMBED_SWIFT_STANDARD_LIBRARIES = YES;
				INFOPLIST_FILE = CollectionUITests/Info.plist;
				LD_RUNPATH_SEARCH_PATHS = "$(inherited) @executable_path/Frameworks @loader_path/Frameworks";
				PRODUCT_BUNDLE_IDENTIFIER = iOSCampus.CollectionUITests;
				PRODUCT_NAME = "$(TARGET_NAME)";
				SWIFT_VERSION = 3.0;
				TEST_TARGET_NAME = Collection;
			};
			name = Release;
		};
/* End XCBuildConfiguration section */

/* Begin XCConfigurationList section */
		6AAB18A61ECAA2BB00AC48C1 /* Build configuration list for PBXProject "Collection" */ = {
			isa = XCConfigurationList;
			buildConfigurations = (
				6AAB18D11ECAA2BC00AC48C1 /* Debug */,
				6AAB18D21ECAA2BC00AC48C1 /* Release */,
			);
			defaultConfigurationIsVisible = 0;
			defaultConfigurationName = Release;
		};
		6AAB18D31ECAA2BC00AC48C1 /* Build configuration list for PBXNativeTarget "Collection" */ = {
			isa = XCConfigurationList;
			buildConfigurations = (
				6AAB18D41ECAA2BC00AC48C1 /* Debug */,
				6AAB18D51ECAA2BC00AC48C1 /* Release */,
			);
			defaultConfigurationIsVisible = 0;
		};
		6AAB18D61ECAA2BC00AC48C1 /* Build configuration list for PBXNativeTarget "CollectionTests" */ = {
			isa = XCConfigurationList;
			buildConfigurations = (
				6AAB18D71ECAA2BC00AC48C1 /* Debug */,
				6AAB18D81ECAA2BC00AC48C1 /* Release */,
			);
			defaultConfigurationIsVisible = 0;
		};
		6AAB18D91ECAA2BC00AC48C1 /* Build configuration list for PBXNativeTarget "CollectionUITests" */ = {
			isa = XCConfigurationList;
			buildConfigurations = (
				6AAB18DA1ECAA2BC00AC48C1 /* Debug */,
				6AAB18DB1ECAA2BC00AC48C1 /* Release */,
			);
			defaultConfigurationIsVisible = 0;
		};
/* End XCConfigurationList section */
	};
	rootObject = 6AAB18A31ECAA2BB00AC48C1 /* Project object */;
}
