// !$*UTF8*$!
{
	archiveVersion = 1;
	classes = {
	};
	objectVersion = 46;
	objects = {

/* Begin PBXBuildFile section */
		6A971B051F034A2B005D0239 /* AppDelegate.swift in Sources */ = {isa = PBXBuildFile; fileRef = 6A971B041F034A2B005D0239 /* AppDelegate.swift */; };
		6A971B071F034A2B005D0239 /* ViewController.swift in Sources */ = {isa = PBXBuildFile; fileRef = 6A971B061F034A2B005D0239 /* ViewController.swift */; };
		6A971B0A1F034A2B005D0239 /* Main.storyboard in Resources */ = {isa = PBXBuildFile; fileRef = 6A971B081F034A2B005D0239 /* Main.storyboard */; };
		6A971B0C1F034A2B005D0239 /* Assets.xcassets in Resources */ = {isa = PBXBuildFile; fileRef = 6A971B0B1F034A2B005D0239 /* Assets.xcassets */; };
		6A971B0F1F034A2B005D0239 /* LaunchScreen.storyboard in Resources */ = {isa = PBXBuildFile; fileRef = 6A971B0D1F034A2B005D0239 /* LaunchScreen.storyboard */; };
		6A971B181F035B9B005D0239 /* Realm.framework in Frameworks */ = {isa = PBXBuildFile; fileRef = 6A971B171F035B9B005D0239 /* Realm.framework */; };
		9E7C73DB0D2F8CDA481E6F71 /* Pods_CocoaPodsPractice.framework in Frameworks */ = {isa = PBXBuildFile; fileRef = E5E88ADF5D4A50414BFA2426 /* Pods_CocoaPodsPractice.framework */; };
/* End PBXBuildFile section */

/* Begin PBXFileReference section */
		53AAA9D38D8BB90986B27661 /* Pods-CocoaPodsPractice.release.xcconfig */ = {isa = PBXFileReference; includeInIndex = 1; lastKnownFileType = text.xcconfig; name = "Pods-CocoaPodsPractice.release.xcconfig"; path = "Pods/Target Support Files/Pods-CocoaPodsPractice/Pods-CocoaPodsPractice.release.xcconfig"; sourceTree = "<group>"; };
		6A971B011F034A2B005D0239 /* CocoaPodsPractice.app */ = {isa = PBXFileReference; explicitFileType = wrapper.application; includeInIndex = 0; path = CocoaPodsPractice.app; sourceTree = BUILT_PRODUCTS_DIR; };
		6A971B041F034A2B005D0239 /* AppDelegate.swift */ = {isa = PBXFileReference; lastKnownFileType = sourcecode.swift; path = AppDelegate.swift; sourceTree = "<group>"; };
		6A971B061F034A2B005D0239 /* ViewController.swift */ = {isa = PBXFileReference; lastKnownFileType = sourcecode.swift; path = ViewController.swift; sourceTree = "<group>"; };
		6A971B091F034A2B005D0239 /* Base */ = {isa = PBXFileReference; lastKnownFileType = file.storyboard; name = Base; path = Base.lproj/Main.storyboard; sourceTree = "<group>"; };
		6A971B0B1F034A2B005D0239 /* Assets.xcassets */ = {isa = PBXFileReference; lastKnownFileType = folder.assetcatalog; path = Assets.xcassets; sourceTree = "<group>"; };
		6A971B0E1F034A2B005D0239 /* Base */ = {isa = PBXFileReference; lastKnownFileType = file.storyboard; name = Base; path = Base.lproj/LaunchScreen.storyboard; sourceTree = "<group>"; };
		6A971B101F034A2B005D0239 /* Info.plist */ = {isa = PBXFileReference; lastKnownFileType = text.plist.xml; path = Info.plist; sourceTree = "<group>"; };
		6A971B171F035B9B005D0239 /* Realm.framework */ = {isa = PBXFileReference; lastKnownFileType = wrapper.framework; name = Realm.framework; path = Carthage/Build/iOS/Realm.framework; sourceTree = "<group>"; };
		AD444B3C652B2475ADB7DFE5 /* Pods-CocoaPodsPractice.debug.xcconfig */ = {isa = PBXFileReference; includeInIndex = 1; lastKnownFileType = text.xcconfig; name = "Pods-CocoaPodsPractice.debug.xcconfig"; path = "Pods/Target Support Files/Pods-CocoaPodsPractice/Pods-CocoaPodsPractice.debug.xcconfig"; sourceTree = "<group>"; };
		E5E88ADF5D4A50414BFA2426 /* Pods_CocoaPodsPractice.framework */ = {isa = PBXFileReference; explicitFileType = wrapper.framework; includeInIndex = 0; path = Pods_CocoaPodsPractice.framework; sourceTree = BUILT_PRODUCTS_DIR; };
/* End PBXFileReference section */

/* Begin PBXFrameworksBuildPhase section */
		6A971AFE1F034A2B005D0239 /* Frameworks */ = {
			isa = PBXFrameworksBuildPhase;
			buildActionMask = 2147483647;
			files = (
				6A971B181F035B9B005D0239 /* Realm.framework in Frameworks */,
				9E7C73DB0D2F8CDA481E6F71 /* Pods_CocoaPodsPractice.framework in Frameworks */,
			);
			runOnlyForDeploymentPostprocessing = 0;
		};
/* End PBXFrameworksBuildPhase section */

/* Begin PBXGroup section */
		6A971AF81F034A2B005D0239 = {
			isa = PBXGroup;
			children = (
				6A971B031F034A2B005D0239 /* CocoaPodsPractice */,
				6A971B021F034A2B005D0239 /* Products */,
				FEF6423E8DD752E10186E5F3 /* Pods */,
				C8F6683A54305618EE3A9B47 /* Frameworks */,
			);
			sourceTree = "<group>";
		};
		6A971B021F034A2B005D0239 /* Products */ = {
			isa = PBXGroup;
			children = (
				6A971B011F034A2B005D0239 /* CocoaPodsPractice.app */,
			);
			name = Products;
			sourceTree = "<group>";
		};
		6A971B031F034A2B005D0239 /* CocoaPodsPractice */ = {
			isa = PBXGroup;
			children = (
				6A971B041F034A2B005D0239 /* AppDelegate.swift */,
				6A971B061F034A2B005D0239 /* ViewController.swift */,
				6A971B081F034A2B005D0239 /* Main.storyboard */,
				6A971B0B1F034A2B005D0239 /* Assets.xcassets */,
				6A971B0D1F034A2B005D0239 /* LaunchScreen.storyboard */,
				6A971B101F034A2B005D0239 /* Info.plist */,
			);
			path = CocoaPodsPractice;
			sourceTree = "<group>";
		};
		C8F6683A54305618EE3A9B47 /* Frameworks */ = {
			isa = PBXGroup;
			children = (
				6A971B171F035B9B005D0239 /* Realm.framework */,
				E5E88ADF5D4A50414BFA2426 /* Pods_CocoaPodsPractice.framework */,
			);
			name = Frameworks;
			sourceTree = "<group>";
		};
		FEF6423E8DD752E10186E5F3 /* Pods */ = {
			isa = PBXGroup;
			children = (
				AD444B3C652B2475ADB7DFE5 /* Pods-CocoaPodsPractice.debug.xcconfig */,
				53AAA9D38D8BB90986B27661 /* Pods-CocoaPodsPractice.release.xcconfig */,
			);
			name = Pods;
			sourceTree = "<group>";
		};
/* End PBXGroup section */

/* Begin PBXNativeTarget section */
		6A971B001F034A2B005D0239 /* CocoaPodsPractice */ = {
			isa = PBXNativeTarget;
			buildConfigurationList = 6A971B131F034A2B005D0239 /* Build configuration list for PBXNativeTarget "CocoaPodsPractice" */;
			buildPhases = (
				504E1E657AF4AAA0C84CEA2D /* [CP] Check Pods Manifest.lock */,
				6A971AFD1F034A2B005D0239 /* Sources */,
				6A971AFE1F034A2B005D0239 /* Frameworks */,
				6A971AFF1F034A2B005D0239 /* Resources */,
				32486AA5DA8270C075AE4D3E /* [CP] Embed Pods Frameworks */,
				962CF84D9020F0A6C1ED4D34 /* [CP] Copy Pods Resources */,
				6A971B161F035B28005D0239 /* ShellScript */,
			);
			buildRules = (
			);
			dependencies = (
			);
			name = CocoaPodsPractice;
			productName = CocoaPodsPractice;
			productReference = 6A971B011F034A2B005D0239 /* CocoaPodsPractice.app */;
			productType = "com.apple.product-type.application";
		};
/* End PBXNativeTarget section */

/* Begin PBXProject section */
		6A971AF91F034A2B005D0239 /* Project object */ = {
			isa = PBXProject;
			attributes = {
				LastSwiftUpdateCheck = 0830;
				LastUpgradeCheck = 0830;
				ORGANIZATIONNAME = "Bo-Young PARK";
				TargetAttributes = {
					6A971B001F034A2B005D0239 = {
						CreatedOnToolsVersion = 8.3.3;
						DevelopmentTeam = 2DHMJ6Z3L3;
						ProvisioningStyle = Automatic;
					};
				};
			};
			buildConfigurationList = 6A971AFC1F034A2B005D0239 /* Build configuration list for PBXProject "CocoaPodsPractice" */;
			compatibilityVersion = "Xcode 3.2";
			developmentRegion = English;
			hasScannedForEncodings = 0;
			knownRegions = (
				en,
				Base,
			);
			mainGroup = 6A971AF81F034A2B005D0239;
			productRefGroup = 6A971B021F034A2B005D0239 /* Products */;
			projectDirPath = "";
			projectRoot = "";
			targets = (
				6A971B001F034A2B005D0239 /* CocoaPodsPractice */,
			);
		};
/* End PBXProject section */

/* Begin PBXResourcesBuildPhase section */
		6A971AFF1F034A2B005D0239 /* Resources */ = {
			isa = PBXResourcesBuildPhase;
			buildActionMask = 2147483647;
			files = (
				6A971B0F1F034A2B005D0239 /* LaunchScreen.storyboard in Resources */,
				6A971B0C1F034A2B005D0239 /* Assets.xcassets in Resources */,
				6A971B0A1F034A2B005D0239 /* Main.storyboard in Resources */,
			);
			runOnlyForDeploymentPostprocessing = 0;
		};
/* End PBXResourcesBuildPhase section */

/* Begin PBXShellScriptBuildPhase section */
		32486AA5DA8270C075AE4D3E /* [CP] Embed Pods Frameworks */ = {
			isa = PBXShellScriptBuildPhase;
			buildActionMask = 2147483647;
			files = (
			);
			inputPaths = (
			);
			name = "[CP] Embed Pods Frameworks";
			outputPaths = (
			);
			runOnlyForDeploymentPostprocessing = 0;
			shellPath = /bin/sh;
			shellScript = "\"${SRCROOT}/Pods/Target Support Files/Pods-CocoaPodsPractice/Pods-CocoaPodsPractice-frameworks.sh\"\n";
			showEnvVarsInLog = 0;
		};
		504E1E657AF4AAA0C84CEA2D /* [CP] Check Pods Manifest.lock */ = {
			isa = PBXShellScriptBuildPhase;
			buildActionMask = 2147483647;
			files = (
			);
			inputPaths = (
			);
			name = "[CP] Check Pods Manifest.lock";
			outputPaths = (
			);
			runOnlyForDeploymentPostprocessing = 0;
			shellPath = /bin/sh;
			shellScript = "diff \"${PODS_ROOT}/../Podfile.lock\" \"${PODS_ROOT}/Manifest.lock\" > /dev/null\nif [ $? != 0 ] ; then\n    # print error to STDERR\n    echo \"error: The sandbox is not in sync with the Podfile.lock. Run 'pod install' or update your CocoaPods installation.\" >&2\n    exit 1\nfi\n";
			showEnvVarsInLog = 0;
		};
		6A971B161F035B28005D0239 /* ShellScript */ = {
			isa = PBXShellScriptBuildPhase;
			buildActionMask = 2147483647;
			files = (
			);
			inputPaths = (
				"$(SRCROOT)/Carthage/Build/iOS/[Realm].framework",
			);
			outputPaths = (
			);
			runOnlyForDeploymentPostprocessing = 0;
			shellPath = /bin/sh;
			shellScript = "/usr/local/bin/carthage􀀁copy-frameworks\n";
		};
		962CF84D9020F0A6C1ED4D34 /* [CP] Copy Pods Resources */ = {
			isa = PBXShellScriptBuildPhase;
			buildActionMask = 2147483647;
			files = (
			);
			inputPaths = (
			);
			name = "[CP] Copy Pods Resources";
			outputPaths = (
			);
			runOnlyForDeploymentPostprocessing = 0;
			shellPath = /bin/sh;
			shellScript = "\"${SRCROOT}/Pods/Target Support Files/Pods-CocoaPodsPractice/Pods-CocoaPodsPractice-resources.sh\"\n";
			showEnvVarsInLog = 0;
		};
/* End PBXShellScriptBuildPhase section */

/* Begin PBXSourcesBuildPhase section */
		6A971AFD1F034A2B005D0239 /* Sources */ = {
			isa = PBXSourcesBuildPhase;
			buildActionMask = 2147483647;
			files = (
				6A971B071F034A2B005D0239 /* ViewController.swift in Sources */,
				6A971B051F034A2B005D0239 /* AppDelegate.swift in Sources */,
			);
			runOnlyForDeploymentPostprocessing = 0;
		};
/* End PBXSourcesBuildPhase section */

/* Begin PBXVariantGroup section */
		6A971B081F034A2B005D0239 /* Main.storyboard */ = {
			isa = PBXVariantGroup;
			children = (
				6A971B091F034A2B005D0239 /* Base */,
			);
			name = Main.storyboard;
			sourceTree = "<group>";
		};
		6A971B0D1F034A2B005D0239 /* LaunchScreen.storyboard */ = {
			isa = PBXVariantGroup;
			children = (
				6A971B0E1F034A2B005D0239 /* Base */,
			);
			name = LaunchScreen.storyboard;
			sourceTree = "<group>";
		};
/* End PBXVariantGroup section */

/* Begin XCBuildConfiguration section */
		6A971B111F034A2B005D0239 /* Debug */ = {
			isa = XCBuildConfiguration;
			buildSettings = {
				ALWAYS_SEARCH_USER_PATHS = NO;
				CLANG_ANALYZER_NONNULL = YES;
				CLANG_ANALYZER_NUMBER_OBJECT_CONVERSION = YES_AGGRESSIVE;
				CLANG_CXX_LANGUAGE_STANDARD = "gnu++0x";
				CLANG_CXX_LIBRARY = "libc++";
				CLANG_ENABLE_MODULES = YES;
				CLANG_ENABLE_OBJC_ARC = YES;
				CLANG_WARN_BOOL_CONVERSION = YES;
				CLANG_WARN_CONSTANT_CONVERSION = YES;
				CLANG_WARN_DIRECT_OBJC_ISA_USAGE = YES_ERROR;
				CLANG_WARN_DOCUMENTATION_COMMENTS = YES;
				CLANG_WARN_EMPTY_BODY = YES;
				CLANG_WARN_ENUM_CONVERSION = YES;
				CLANG_WARN_INFINITE_RECURSION = YES;
				CLANG_WARN_INT_CONVERSION = YES;
				CLANG_WARN_OBJC_ROOT_CLASS = YES_ERROR;
				CLANG_WARN_SUSPICIOUS_MOVE = YES;
				CLANG_WARN_UNREACHABLE_CODE = YES;
				CLANG_WARN__DUPLICATE_METHOD_MATCH = YES;
				"CODE_SIGN_IDENTITY[sdk=iphoneos*]" = "iPhone Developer";
				COPY_PHASE_STRIP = NO;
				DEBUG_INFORMATION_FORMAT = dwarf;
				ENABLE_STRICT_OBJC_MSGSEND = YES;
				ENABLE_TESTABILITY = YES;
				GCC_C_LANGUAGE_STANDARD = gnu99;
				GCC_DYNAMIC_NO_PIC = NO;
				GCC_NO_COMMON_BLOCKS = YES;
				GCC_OPTIMIZATION_LEVEL = 0;
				GCC_PREPROCESSOR_DEFINITIONS = (
					"DEBUG=1",
					"$(inherited)",
				);
				GCC_WARN_64_TO_32_BIT_CONVERSION = YES;
				GCC_WARN_ABOUT_RETURN_TYPE = YES_ERROR;
				GCC_WARN_UNDECLARED_SELECTOR = YES;
				GCC_WARN_UNINITIALIZED_AUTOS = YES_AGGRESSIVE;
				GCC_WARN_UNUSED_FUNCTION = YES;
				GCC_WARN_UNUSED_VARIABLE = YES;
				IPHONEOS_DEPLOYMENT_TARGET = 10.3;
				MTL_ENABLE_DEBUG_INFO = YES;
				ONLY_ACTIVE_ARCH = YES;
				SDKROOT = iphoneos;
				SWIFT_ACTIVE_COMPILATION_CONDITIONS = DEBUG;
				SWIFT_OPTIMIZATION_LEVEL = "-Onone";
			};
			name = Debug;
		};
		6A971B121F034A2B005D0239 /* Release */ = {
			isa = XCBuildConfiguration;
			buildSettings = {
				ALWAYS_SEARCH_USER_PATHS = NO;
				CLANG_ANALYZER_NONNULL = YES;
				CLANG_ANALYZER_NUMBER_OBJECT_CONVERSION = YES_AGGRESSIVE;
				CLANG_CXX_LANGUAGE_STANDARD = "gnu++0x";
				CLANG_CXX_LIBRARY = "libc++";
				CLANG_ENABLE_MODULES = YES;
				CLANG_ENABLE_OBJC_ARC = YES;
				CLANG_WARN_BOOL_CONVERSION = YES;
				CLANG_WARN_CONSTANT_CONVERSION = YES;
				CLANG_WARN_DIRECT_OBJC_ISA_USAGE = YES_ERROR;
				CLANG_WARN_DOCUMENTATION_COMMENTS = YES;
				CLANG_WARN_EMPTY_BODY = YES;
				CLANG_WARN_ENUM_CONVERSION = YES;
				CLANG_WARN_INFINITE_RECURSION = YES;
				CLANG_WARN_INT_CONVERSION = YES;
				CLANG_WARN_OBJC_ROOT_CLASS = YES_ERROR;
				CLANG_WARN_SUSPICIOUS_MOVE = YES;
				CLANG_WARN_UNREACHABLE_CODE = YES;
				CLANG_WARN__DUPLICATE_METHOD_MATCH = YES;
				"CODE_SIGN_IDENTITY[sdk=iphoneos*]" = "iPhone Developer";
				COPY_PHASE_STRIP = NO;
				DEBUG_INFORMATION_FORMAT = "dwarf-with-dsym";
				ENABLE_NS_ASSERTIONS = NO;
				ENABLE_STRICT_OBJC_MSGSEND = YES;
				GCC_C_LANGUAGE_STANDARD = gnu99;
				GCC_NO_COMMON_BLOCKS = YES;
				GCC_WARN_64_TO_32_BIT_CONVERSION = YES;
				GCC_WARN_ABOUT_RETURN_TYPE = YES_ERROR;
				GCC_WARN_UNDECLARED_SELECTOR = YES;
				GCC_WARN_UNINITIALIZED_AUTOS = YES_AGGRESSIVE;
				GCC_WARN_UNUSED_FUNCTION = YES;
				GCC_WARN_UNUSED_VARIABLE = YES;
				IPHONEOS_DEPLOYMENT_TARGET = 10.3;
				MTL_ENABLE_DEBUG_INFO = NO;
				SDKROOT = iphoneos;
				SWIFT_OPTIMIZATION_LEVEL = "-Owholemodule";
				VALIDATE_PRODUCT = YES;
			};
			name = Release;
		};
		6A971B141F034A2B005D0239 /* Debug */ = {
			isa = XCBuildConfiguration;
			baseConfigurationReference = AD444B3C652B2475ADB7DFE5 /* Pods-CocoaPodsPractice.debug.xcconfig */;
			buildSettings = {
				ASSETCATALOG_COMPILER_APPICON_NAME = AppIcon;
				DEVELOPMENT_TEAM = 2DHMJ6Z3L3;
				FRAMEWORK_SEARCH_PATHS = (
					"$(inherited)",
					"$(PROJECT_DIR)/Carthage/Build/iOS",
				);
				INFOPLIST_FILE = CocoaPodsPractice/Info.plist;
				LD_RUNPATH_SEARCH_PATHS = "$(inherited) @executable_path/Frameworks";
				PRODUCT_BUNDLE_IDENTIFIER = iOSCampus.CocoaPodsPractice;
				PRODUCT_NAME = "$(TARGET_NAME)";
				SWIFT_VERSION = 3.0;
			};
			name = Debug;
		};
		6A971B151F034A2B005D0239 /* Release */ = {
			isa = XCBuildConfiguration;
			baseConfigurationReference = 53AAA9D38D8BB90986B27661 /* Pods-CocoaPodsPractice.release.xcconfig */;
			buildSettings = {
				ASSETCATALOG_COMPILER_APPICON_NAME = AppIcon;
				DEVELOPMENT_TEAM = 2DHMJ6Z3L3;
				FRAMEWORK_SEARCH_PATHS = (
					"$(inherited)",
					"$(PROJECT_DIR)/Carthage/Build/iOS",
				);
				INFOPLIST_FILE = CocoaPodsPractice/Info.plist;
				LD_RUNPATH_SEARCH_PATHS = "$(inherited) @executable_path/Frameworks";
				PRODUCT_BUNDLE_IDENTIFIER = iOSCampus.CocoaPodsPractice;
				PRODUCT_NAME = "$(TARGET_NAME)";
				SWIFT_VERSION = 3.0;
			};
			name = Release;
		};
/* End XCBuildConfiguration section */

/* Begin XCConfigurationList section */
		6A971AFC1F034A2B005D0239 /* Build configuration list for PBXProject "CocoaPodsPractice" */ = {
			isa = XCConfigurationList;
			buildConfigurations = (
				6A971B111F034A2B005D0239 /* Debug */,
				6A971B121F034A2B005D0239 /* Release */,
			);
			defaultConfigurationIsVisible = 0;
			defaultConfigurationName = Release;
		};
		6A971B131F034A2B005D0239 /* Build configuration list for PBXNativeTarget "CocoaPodsPractice" */ = {
			isa = XCConfigurationList;
			buildConfigurations = (
				6A971B141F034A2B005D0239 /* Debug */,
				6A971B151F034A2B005D0239 /* Release */,
			);
			defaultConfigurationIsVisible = 0;
			defaultConfigurationName = Release;
		};
/* End XCConfigurationList section */
	};
	rootObject = 6A971AF91F034A2B005D0239 /* Project object */;
}
