// !$*UTF8*$!
{
	archiveVersion = 1;
	classes = {
	};
	objectVersion = 46;
	objects = {

/* Begin PBXBuildFile section */
		6AC8E0D91EF8B09400EF065D /* AppDelegate.swift in Sources */ = {isa = PBXBuildFile; fileRef = 6AC8E0D81EF8B09400EF065D /* AppDelegate.swift */; };
		6AC8E0DB1EF8B09400EF065D /* ViewController.swift in Sources */ = {isa = PBXBuildFile; fileRef = 6AC8E0DA1EF8B09400EF065D /* ViewController.swift */; };
		6AC8E0DE1EF8B09400EF065D /* Main.storyboard in Resources */ = {isa = PBXBuildFile; fileRef = 6AC8E0DC1EF8B09400EF065D /* Main.storyboard */; };
		6AC8E0E01EF8B09400EF065D /* Assets.xcassets in Resources */ = {isa = PBXBuildFile; fileRef = 6AC8E0DF1EF8B09400EF065D /* Assets.xcassets */; };
		6AC8E0E31EF8B09400EF065D /* LaunchScreen.storyboard in Resources */ = {isa = PBXBuildFile; fileRef = 6AC8E0E11EF8B09400EF065D /* LaunchScreen.storyboard */; };
/* End PBXBuildFile section */

/* Begin PBXFileReference section */
		6AC8E0D51EF8B09400EF065D /* DatePractice.app */ = {isa = PBXFileReference; explicitFileType = wrapper.application; includeInIndex = 0; path = DatePractice.app; sourceTree = BUILT_PRODUCTS_DIR; };
		6AC8E0D81EF8B09400EF065D /* AppDelegate.swift */ = {isa = PBXFileReference; lastKnownFileType = sourcecode.swift; path = AppDelegate.swift; sourceTree = "<group>"; };
		6AC8E0DA1EF8B09400EF065D /* ViewController.swift */ = {isa = PBXFileReference; lastKnownFileType = sourcecode.swift; path = ViewController.swift; sourceTree = "<group>"; };
		6AC8E0DD1EF8B09400EF065D /* Base */ = {isa = PBXFileReference; lastKnownFileType = file.storyboard; name = Base; path = Base.lproj/Main.storyboard; sourceTree = "<group>"; };
		6AC8E0DF1EF8B09400EF065D /* Assets.xcassets */ = {isa = PBXFileReference; lastKnownFileType = folder.assetcatalog; path = Assets.xcassets; sourceTree = "<group>"; };
		6AC8E0E21EF8B09400EF065D /* Base */ = {isa = PBXFileReference; lastKnownFileType = file.storyboard; name = Base; path = Base.lproj/LaunchScreen.storyboard; sourceTree = "<group>"; };
		6AC8E0E41EF8B09400EF065D /* Info.plist */ = {isa = PBXFileReference; lastKnownFileType = text.plist.xml; path = Info.plist; sourceTree = "<group>"; };
/* End PBXFileReference section */

/* Begin PBXFrameworksBuildPhase section */
		6AC8E0D21EF8B09400EF065D /* Frameworks */ = {
			isa = PBXFrameworksBuildPhase;
			buildActionMask = 2147483647;
			files = (
			);
			runOnlyForDeploymentPostprocessing = 0;
		};
/* End PBXFrameworksBuildPhase section */

/* Begin PBXGroup section */
		6AC8E0CC1EF8B09400EF065D = {
			isa = PBXGroup;
			children = (
				6AC8E0D71EF8B09400EF065D /* DatePractice */,
				6AC8E0D61EF8B09400EF065D /* Products */,
			);
			sourceTree = "<group>";
		};
		6AC8E0D61EF8B09400EF065D /* Products */ = {
			isa = PBXGroup;
			children = (
				6AC8E0D51EF8B09400EF065D /* DatePractice.app */,
			);
			name = Products;
			sourceTree = "<group>";
		};
		6AC8E0D71EF8B09400EF065D /* DatePractice */ = {
			isa = PBXGroup;
			children = (
				6AC8E0D81EF8B09400EF065D /* AppDelegate.swift */,
				6AC8E0DA1EF8B09400EF065D /* ViewController.swift */,
				6AC8E0DC1EF8B09400EF065D /* Main.storyboard */,
				6AC8E0DF1EF8B09400EF065D /* Assets.xcassets */,
				6AC8E0E11EF8B09400EF065D /* LaunchScreen.storyboard */,
				6AC8E0E41EF8B09400EF065D /* Info.plist */,
			);
			path = DatePractice;
			sourceTree = "<group>";
		};
/* End PBXGroup section */

/* Begin PBXNativeTarget section */
		6AC8E0D41EF8B09400EF065D /* DatePractice */ = {
			isa = PBXNativeTarget;
			buildConfigurationList = 6AC8E0E71EF8B09400EF065D /* Build configuration list for PBXNativeTarget "DatePractice" */;
			buildPhases = (
				6AC8E0D11EF8B09400EF065D /* Sources */,
				6AC8E0D21EF8B09400EF065D /* Frameworks */,
				6AC8E0D31EF8B09400EF065D /* Resources */,
			);
			buildRules = (
			);
			dependencies = (
			);
			name = DatePractice;
			productName = DatePractice;
			productReference = 6AC8E0D51EF8B09400EF065D /* DatePractice.app */;
			productType = "com.apple.product-type.application";
		};
/* End PBXNativeTarget section */

/* Begin PBXProject section */
		6AC8E0CD1EF8B09400EF065D /* Project object */ = {
			isa = PBXProject;
			attributes = {
				LastSwiftUpdateCheck = 0830;
				LastUpgradeCheck = 0830;
				ORGANIZATIONNAME = "Bo-Young PARK";
				TargetAttributes = {
					6AC8E0D41EF8B09400EF065D = {
						CreatedOnToolsVersion = 8.3.3;
						DevelopmentTeam = 2DHMJ6Z3L3;
						ProvisioningStyle = Automatic;
					};
				};
			};
			buildConfigurationList = 6AC8E0D01EF8B09400EF065D /* Build configuration list for PBXProject "DatePractice" */;
			compatibilityVersion = "Xcode 3.2";
			developmentRegion = English;
			hasScannedForEncodings = 0;
			knownRegions = (
				en,
				Base,
			);
			mainGroup = 6AC8E0CC1EF8B09400EF065D;
			productRefGroup = 6AC8E0D61EF8B09400EF065D /* Products */;
			projectDirPath = "";
			projectRoot = "";
			targets = (
				6AC8E0D41EF8B09400EF065D /* DatePractice */,
			);
		};
/* End PBXProject section */

/* Begin PBXResourcesBuildPhase section */
		6AC8E0D31EF8B09400EF065D /* Resources */ = {
			isa = PBXResourcesBuildPhase;
			buildActionMask = 2147483647;
			files = (
				6AC8E0E31EF8B09400EF065D /* LaunchScreen.storyboard in Resources */,
				6AC8E0E01EF8B09400EF065D /* Assets.xcassets in Resources */,
				6AC8E0DE1EF8B09400EF065D /* Main.storyboard in Resources */,
			);
			runOnlyForDeploymentPostprocessing = 0;
		};
/* End PBXResourcesBuildPhase section */

/* Begin PBXSourcesBuildPhase section */
		6AC8E0D11EF8B09400EF065D /* Sources */ = {
			isa = PBXSourcesBuildPhase;
			buildActionMask = 2147483647;
			files = (
				6AC8E0DB1EF8B09400EF065D /* ViewController.swift in Sources */,
				6AC8E0D91EF8B09400EF065D /* AppDelegate.swift in Sources */,
			);
			runOnlyForDeploymentPostprocessing = 0;
		};
/* End PBXSourcesBuildPhase section */

/* Begin PBXVariantGroup section */
		6AC8E0DC1EF8B09400EF065D /* Main.storyboard */ = {
			isa = PBXVariantGroup;
			children = (
				6AC8E0DD1EF8B09400EF065D /* Base */,
			);
			name = Main.storyboard;
			sourceTree = "<group>";
		};
		6AC8E0E11EF8B09400EF065D /* LaunchScreen.storyboard */ = {
			isa = PBXVariantGroup;
			children = (
				6AC8E0E21EF8B09400EF065D /* Base */,
			);
			name = LaunchScreen.storyboard;
			sourceTree = "<group>";
		};
/* End PBXVariantGroup section */

/* Begin XCBuildConfiguration section */
		6AC8E0E51EF8B09400EF065D /* Debug */ = {
			isa = XCBuildConfiguration;
			buildSettings = {
				ALWAYS_SEARCH_USER_PATHS = NO;
				CLANG_ANALYZER_NONNULL = YES;
				CLANG_ANALYZER_NUMBER_OBJECT_CONVERSION = YES_AGGRESSIVE;
				CLANG_CXX_LANGUAGE_STANDARD = "gnu++0x";
				CLANG_CXX_LIBRARY = "libc++";
				CLANG_ENABLE_MODULES = YES;
				CLANG_ENABLE_OBJC_ARC = YES;
				CLANG_WARN_BOOL_CONVERSION = YES;
				CLANG_WARN_CONSTANT_CONVERSION = YES;
				CLANG_WARN_DIRECT_OBJC_ISA_USAGE = YES_ERROR;
				CLANG_WARN_DOCUMENTATION_COMMENTS = YES;
				CLANG_WARN_EMPTY_BODY = YES;
				CLANG_WARN_ENUM_CONVERSION = YES;
				CLANG_WARN_INFINITE_RECURSION = YES;
				CLANG_WARN_INT_CONVERSION = YES;
				CLANG_WARN_OBJC_ROOT_CLASS = YES_ERROR;
				CLANG_WARN_SUSPICIOUS_MOVE = YES;
				CLANG_WARN_UNREACHABLE_CODE = YES;
				CLANG_WARN__DUPLICATE_METHOD_MATCH = YES;
				"CODE_SIGN_IDENTITY[sdk=iphoneos*]" = "iPhone Developer";
				COPY_PHASE_STRIP = NO;
				DEBUG_INFORMATION_FORMAT = dwarf;
				ENABLE_STRICT_OBJC_MSGSEND = YES;
				ENABLE_TESTABILITY = YES;
				GCC_C_LANGUAGE_STANDARD = gnu99;
				GCC_DYNAMIC_NO_PIC = NO;
				GCC_NO_COMMON_BLOCKS = YES;
				GCC_OPTIMIZATION_LEVEL = 0;
				GCC_PREPROCESSOR_DEFINITIONS = (
					"DEBUG=1",
					"$(inherited)",
				);
				GCC_WARN_64_TO_32_BIT_CONVERSION = YES;
				GCC_WARN_ABOUT_RETURN_TYPE = YES_ERROR;
				GCC_WARN_UNDECLARED_SELECTOR = YES;
				GCC_WARN_UNINITIALIZED_AUTOS = YES_AGGRESSIVE;
				GCC_WARN_UNUSED_FUNCTION = YES;
				GCC_WARN_UNUSED_VARIABLE = YES;
				IPHONEOS_DEPLOYMENT_TARGET = 10.3;
				MTL_ENABLE_DEBUG_INFO = YES;
				ONLY_ACTIVE_ARCH = YES;
				SDKROOT = iphoneos;
				SWIFT_ACTIVE_COMPILATION_CONDITIONS = DEBUG;
				SWIFT_OPTIMIZATION_LEVEL = "-Onone";
			};
			name = Debug;
		};
		6AC8E0E61EF8B09400EF065D /* Release */ = {
			isa = XCBuildConfiguration;
			buildSettings = {
				ALWAYS_SEARCH_USER_PATHS = NO;
				CLANG_ANALYZER_NONNULL = YES;
				CLANG_ANALYZER_NUMBER_OBJECT_CONVERSION = YES_AGGRESSIVE;
				CLANG_CXX_LANGUAGE_STANDARD = "gnu++0x";
				CLANG_CXX_LIBRARY = "libc++";
				CLANG_ENABLE_MODULES = YES;
				CLANG_ENABLE_OBJC_ARC = YES;
				CLANG_WARN_BOOL_CONVERSION = YES;
				CLANG_WARN_CONSTANT_CONVERSION = YES;
				CLANG_WARN_DIRECT_OBJC_ISA_USAGE = YES_ERROR;
				CLANG_WARN_DOCUMENTATION_COMMENTS = YES;
				CLANG_WARN_EMPTY_BODY = YES;
				CLANG_WARN_ENUM_CONVERSION = YES;
				CLANG_WARN_INFINITE_RECURSION = YES;
				CLANG_WARN_INT_CONVERSION = YES;
				CLANG_WARN_OBJC_ROOT_CLASS = YES_ERROR;
				CLANG_WARN_SUSPICIOUS_MOVE = YES;
				CLANG_WARN_UNREACHABLE_CODE = YES;
				CLANG_WARN__DUPLICATE_METHOD_MATCH = YES;
				"CODE_SIGN_IDENTITY[sdk=iphoneos*]" = "iPhone Developer";
				COPY_PHASE_STRIP = NO;
				DEBUG_INFORMATION_FORMAT = "dwarf-with-dsym";
				ENABLE_NS_ASSERTIONS = NO;
				ENABLE_STRICT_OBJC_MSGSEND = YES;
				GCC_C_LANGUAGE_STANDARD = gnu99;
				GCC_NO_COMMON_BLOCKS = YES;
				GCC_WARN_64_TO_32_BIT_CONVERSION = YES;
				GCC_WARN_ABOUT_RETURN_TYPE = YES_ERROR;
				GCC_WARN_UNDECLARED_SELECTOR = YES;
				GCC_WARN_UNINITIALIZED_AUTOS = YES_AGGRESSIVE;
				GCC_WARN_UNUSED_FUNCTION = YES;
				GCC_WARN_UNUSED_VARIABLE = YES;
				IPHONEOS_DEPLOYMENT_TARGET = 10.3;
				MTL_ENABLE_DEBUG_INFO = NO;
				SDKROOT = iphoneos;
				SWIFT_OPTIMIZATION_LEVEL = "-Owholemodule";
				VALIDATE_PRODUCT = YES;
			};
			name = Release;
		};
		6AC8E0E81EF8B09400EF065D /* Debug */ = {
			isa = XCBuildConfiguration;
			buildSettings = {
				ASSETCATALOG_COMPILER_APPICON_NAME = AppIcon;
				DEVELOPMENT_TEAM = 2DHMJ6Z3L3;
				INFOPLIST_FILE = DatePractice/Info.plist;
				LD_RUNPATH_SEARCH_PATHS = "$(inherited) @executable_path/Frameworks";
				PRODUCT_BUNDLE_IDENTIFIER = iOSCampus.DatePractice;
				PRODUCT_NAME = "$(TARGET_NAME)";
				SWIFT_VERSION = 3.0;
			};
			name = Debug;
		};
		6AC8E0E91EF8B09400EF065D /* Release */ = {
			isa = XCBuildConfiguration;
			buildSettings = {
				ASSETCATALOG_COMPILER_APPICON_NAME = AppIcon;
				DEVELOPMENT_TEAM = 2DHMJ6Z3L3;
				INFOPLIST_FILE = DatePractice/Info.plist;
				LD_RUNPATH_SEARCH_PATHS = "$(inherited) @executable_path/Frameworks";
				PRODUCT_BUNDLE_IDENTIFIER = iOSCampus.DatePractice;
				PRODUCT_NAME = "$(TARGET_NAME)";
				SWIFT_VERSION = 3.0;
			};
			name = Release;
		};
/* End XCBuildConfiguration section */

/* Begin XCConfigurationList section */
		6AC8E0D01EF8B09400EF065D /* Build configuration list for PBXProject "DatePractice" */ = {
			isa = XCConfigurationList;
			buildConfigurations = (
				6AC8E0E51EF8B09400EF065D /* Debug */,
				6AC8E0E61EF8B09400EF065D /* Release */,
			);
			defaultConfigurationIsVisible = 0;
			defaultConfigurationName = Release;
		};
		6AC8E0E71EF8B09400EF065D /* Build configuration list for PBXNativeTarget "DatePractice" */ = {
			isa = XCConfigurationList;
			buildConfigurations = (
				6AC8E0E81EF8B09400EF065D /* Debug */,
				6AC8E0E91EF8B09400EF065D /* Release */,
			);
			defaultConfigurationIsVisible = 0;
		};
/* End XCConfigurationList section */
	};
	rootObject = 6AC8E0CD1EF8B09400EF065D /* Project object */;
}
